
Microsoft Visual Studio Solution File, Format Version 12.00
# Visual Studio Version 16
VisualStudioVersion = 16.0.31911.196
MinimumVisualStudioVersion = 10.0.40219.1
Project("{FAE04EC0-301F-11D3-BF4B-00C04F79EFBC}") = "EFStudentAccomodation", "EFStudentAccomodation\EFStudentAccomodation.csproj", "{1085E57D-3B30-471F-859D-554DF3A0F51E}"
EndProject
Global
	GlobalSection(SolutionConfigurationPlatforms) = preSolution
		Debug|Any CPU = Debug|Any CPU
		Release|Any CPU = Release|Any CPU
	EndGlobalSection
	GlobalSection(ProjectConfigurationPlatforms) = postSolution
		{1085E57D-3B30-471F-859D-554DF3A0F51E}.Debug|Any CPU.ActiveCfg = Debug|Any CPU
		{1085E57D-3B30-471F-859D-554DF3A0F51E}.Debug|Any CPU.Build.0 = Debug|Any CPU
		{1085E57D-3B30-471F-859D-554DF3A0F51E}.Release|Any CPU.ActiveCfg = Release|Any CPU
		{1085E57D-3B30-471F-859D-554DF3A0F51E}.Release|Any CPU.Build.0 = Release|Any CPU
	EndGlobalSection
	GlobalSection(SolutionProperties) = preSolution
		HideSolutionNode = FALSE
	EndGlobalSection
	GlobalSection(ExtensibilityGlobals) = postSolution
		SolutionGuid = {382AD1E0-DA51-40D7-87B3-8045A8CB2EDA}
	EndGlobalSection
EndGlobal
